// !$*UTF8*$!
{
	archiveVersion = 1;
	classes = {
	};
	objectVersion = 46;
	objects = {

/* Begin PBXBuildFile section */
		031FE8F1159536C3008E92DF /* NSDictionary+TypeSafety.m in Sources */ = {isa = PBXBuildFile; fileRef = 031FE8F0159536C3008E92DF /* NSDictionary+TypeSafety.m */; };
		032FA24D1592928D00C39198 /* FAQViewController.m in Sources */ = {isa = PBXBuildFile; fileRef = 032FA24B1592928D00C39198 /* FAQViewController.m */; };
		032FA250159294B900C39198 /* faq.plist in Resources */ = {isa = PBXBuildFile; fileRef = 032FA24F159294B900C39198 /* faq.plist */; };
		0372FF7D10447552004CD031 /* ComicListViewController.m in Sources */ = {isa = PBXBuildFile; fileRef = 0372FF7C10447552004CD031 /* ComicListViewController.m */; };
		037CC6DC122B183C002E4738 /* Security.framework in Frameworks */ = {isa = PBXBuildFile; fileRef = 037CC6DB122B183C002E4738 /* Security.framework */; };
		037CC6E0122B1846002E4738 /* QuartzCore.framework in Frameworks */ = {isa = PBXBuildFile; fileRef = 037CC6DF122B1846002E4738 /* QuartzCore.framework */; };
		0384E76310500E0F0096D4E7 /* Settings.bundle in Resources */ = {isa = PBXBuildFile; fileRef = 0384E76210500E0F0096D4E7 /* Settings.bundle */; };
		0384E8C4105036D40096D4E7 /* MessageUI.framework in Frameworks */ = {isa = PBXBuildFile; fileRef = 0384E8C3105036D40096D4E7 /* MessageUI.framework */; };
		03870FCF1595525D00436B99 /* comics.sqlite in Resources */ = {isa = PBXBuildFile; fileRef = 03870FCE1595525D00436B99 /* comics.sqlite */; };
		039387FD10508DE8001EFE4E /* ad-hoc-entitlements.plist in Resources */ = {isa = PBXBuildFile; fileRef = 039387FC10508DE8001EFE4E /* ad-hoc-entitlements.plist */; };
		03941EE1159161DB00ADBED9 /* NSArray+Filtering.m in Sources */ = {isa = PBXBuildFile; fileRef = 03941EE0159161DB00ADBED9 /* NSArray+Filtering.m */; };
		03B6BC06112CB3A200C32C21 /* NSString_HTML.m in Sources */ = {isa = PBXBuildFile; fileRef = 03B6BC05112CB3A200C32C21 /* NSString_HTML.m */; };
		03F10D37104D6DDE0045AEFC /* Comic.m in Sources */ = {isa = PBXBuildFile; fileRef = 03F10D36104D6DDE0045AEFC /* Comic.m */; };
		03F10DB1104D77030045AEFC /* NewComicFetcher.m in Sources */ = {isa = PBXBuildFile; fileRef = 03F10DB0104D77030045AEFC /* NewComicFetcher.m */; };
		03F10DBC104D78450045AEFC /* FetchComicFromWeb.m in Sources */ = {isa = PBXBuildFile; fileRef = 03F10DBB104D78450045AEFC /* FetchComicFromWeb.m */; };
		03F1149D104F2A7C0045AEFC /* SingleComicViewController.m in Sources */ = {isa = PBXBuildFile; fileRef = 03F1149C104F2A7C0045AEFC /* SingleComicViewController.m */; };
		03F114EF104F2EF30045AEFC /* SingleComicImageFetcher.m in Sources */ = {isa = PBXBuildFile; fileRef = 03F114EE104F2EF30045AEFC /* SingleComicImageFetcher.m */; };
		03F114F3104F30140045AEFC /* FetchComicImageFromWeb.m in Sources */ = {isa = PBXBuildFile; fileRef = 03F114F2104F30140045AEFC /* FetchComicImageFromWeb.m */; };
		03F7020C1464C2990091BF49 /* TLModalActivityIndicatorView.m in Sources */ = {isa = PBXBuildFile; fileRef = 03F7020B1464C2990091BF49 /* TLModalActivityIndicatorView.m */; };
		03F702101464C3270091BF49 /* CoreGraphics.framework in Frameworks */ = {isa = PBXBuildFile; fileRef = 03F7020F1464C3270091BF49 /* CoreGraphics.framework */; };
		03F702211464C4450091BF49 /* UIActivityIndicatorView_TLCommon.m in Sources */ = {isa = PBXBuildFile; fileRef = 03F702201464C4450091BF49 /* UIActivityIndicatorView_TLCommon.m */; };
		03F702291464C4A70091BF49 /* UIBarButtonItem_TLCommon.m in Sources */ = {isa = PBXBuildFile; fileRef = 03F702281464C4A70091BF49 /* UIBarButtonItem_TLCommon.m */; };
		03F702351464C5550091BF49 /* UITableView_TLCommon.m in Sources */ = {isa = PBXBuildFile; fileRef = 03F702341464C5550091BF49 /* UITableView_TLCommon.m */; };
		03F702411464C5B10091BF49 /* TLMersenneTwister.m in Sources */ = {isa = PBXBuildFile; fileRef = 03F702401464C5B10091BF49 /* TLMersenneTwister.m */; };
		1D60589B0D05DD56006BFB54 /* main.m in Sources */ = {isa = PBXBuildFile; fileRef = 29B97316FDCFA39411CA2CEA /* main.m */; };
		1D60589F0D05DD5A006BFB54 /* Foundation.framework in Frameworks */ = {isa = PBXBuildFile; fileRef = 1D30AB110D05D00D00671497 /* Foundation.framework */; };
		1DF5F4E00D08C38300B7A737 /* UIKit.framework in Frameworks */ = {isa = PBXBuildFile; fileRef = 1DF5F4DF0D08C38300B7A737 /* UIKit.framework */; };
		28D801B40F44B63D00FB423F /* CoreData.framework in Frameworks */ = {isa = PBXBuildFile; fileRef = 28D801B30F44B63D00FB423F /* CoreData.framework */; };
		5136AE8C175463A100742406 /* TLNavigationController.m in Sources */ = {isa = PBXBuildFile; fileRef = 5136AE8B175463A100742406 /* TLNavigationController.m */; };
		516356E71BCBE12600BF7D91 /* FCOpenInChromeActivity.m in Sources */ = {isa = PBXBuildFile; fileRef = 516356E41BCBE12600BF7D91 /* FCOpenInChromeActivity.m */; };
		516356E81BCBE12600BF7D91 /* FCOpenInSafariActivity.m in Sources */ = {isa = PBXBuildFile; fileRef = 516356E61BCBE12600BF7D91 /* FCOpenInSafariActivity.m */; };
		5183AD091BCB123800F5AFAF /* LaunchStoryboard.storyboard in Resources */ = {isa = PBXBuildFile; fileRef = 5183AD081BCB123800F5AFAF /* LaunchStoryboard.storyboard */; };
		51A205AC1BCD2E3D0029ABE2 /* TestNSString_HTML.m in Sources */ = {isa = PBXBuildFile; fileRef = 03B6BC6C112DA07D00C32C21 /* TestNSString_HTML.m */; };
		51A205AF1BCD2F560029ABE2 /* NSString_HTML.m in Sources */ = {isa = PBXBuildFile; fileRef = 03B6BC05112CB3A200C32C21 /* NSString_HTML.m */; };
		51AB8A271BCAD05100BB58A7 /* Media.xcassets in Resources */ = {isa = PBXBuildFile; fileRef = 51AB8A261BCAD05100BB58A7 /* Media.xcassets */; };
		DA6EB773241484E100135165 /* xkcd.xcdatamodeld in Sources */ = {isa = PBXBuildFile; fileRef = DA6EB770241484E100135165 /* xkcd.xcdatamodeld */; };
		DABE7F01241545B600155DE3 /* NSMutableArray+Safety.m in Sources */ = {isa = PBXBuildFile; fileRef = DABE7F00241545B600155DE3 /* NSMutableArray+Safety.m */; };
		DAC1B2A51C558B0900436971 /* AppDelegate.swift in Sources */ = {isa = PBXBuildFile; fileRef = DAC1B2A41C558B0900436971 /* AppDelegate.swift */; };
		DAC1B2A71C559A0000436971 /* Constants.swift in Sources */ = {isa = PBXBuildFile; fileRef = DAC1B2A61C559A0000436971 /* Constants.swift */; };
		DAC1B2A91C559B2A00436971 /* Preferences.swift in Sources */ = {isa = PBXBuildFile; fileRef = DAC1B2A81C559B2A00436971 /* Preferences.swift */; };
		DAC1B2AB1C559EF700436971 /* CoreDataStack.swift in Sources */ = {isa = PBXBuildFile; fileRef = DAC1B2AA1C559EF700436971 /* CoreDataStack.swift */; };
		DAC1B2B11C55B00300436971 /* UIScrollView+Helper.swift in Sources */ = {isa = PBXBuildFile; fileRef = DAC1B2B01C55B00300436971 /* UIScrollView+Helper.swift */; };
/* End PBXBuildFile section */

/* Begin PBXContainerItemProxy section */
		51A205A51BCD2E180029ABE2 /* PBXContainerItemProxy */ = {
			isa = PBXContainerItemProxy;
			containerPortal = 29B97313FDCFA39411CA2CEA /* Project object */;
			proxyType = 1;
			remoteGlobalIDString = 1D6058900D05DD3D006BFB54;
			remoteInfo = xkcd;
		};
/* End PBXContainerItemProxy section */

/* Begin PBXFileReference section */
		031FE8EF159536C3008E92DF /* NSDictionary+TypeSafety.h */ = {isa = PBXFileReference; fileEncoding = 4; lastKnownFileType = sourcecode.c.h; path = "NSDictionary+TypeSafety.h"; sourceTree = "<group>"; };
		031FE8F0159536C3008E92DF /* NSDictionary+TypeSafety.m */ = {isa = PBXFileReference; fileEncoding = 4; lastKnownFileType = sourcecode.c.objc; path = "NSDictionary+TypeSafety.m"; sourceTree = "<group>"; };
		032FA24A1592928D00C39198 /* FAQViewController.h */ = {isa = PBXFileReference; fileEncoding = 4; lastKnownFileType = sourcecode.c.h; path = FAQViewController.h; sourceTree = "<group>"; };
		032FA24B1592928D00C39198 /* FAQViewController.m */ = {isa = PBXFileReference; fileEncoding = 4; lastKnownFileType = sourcecode.c.objc; lineEnding = 0; path = FAQViewController.m; sourceTree = "<group>"; xcLanguageSpecificationIdentifier = xcode.lang.objc; };
		032FA24F159294B900C39198 /* faq.plist */ = {isa = PBXFileReference; fileEncoding = 4; lastKnownFileType = text.plist.xml; path = faq.plist; sourceTree = "<group>"; };
		034E0E9A10A9ED8F0021D494 /* LICENSE */ = {isa = PBXFileReference; fileEncoding = 4; lastKnownFileType = text; path = LICENSE; sourceTree = "<group>"; };
		034E0E9E10A9EDA00021D494 /* README.md */ = {isa = PBXFileReference; fileEncoding = 4; lastKnownFileType = text; path = README.md; sourceTree = "<group>"; };
		0372FF7B10447552004CD031 /* ComicListViewController.h */ = {isa = PBXFileReference; fileEncoding = 4; lastKnownFileType = sourcecode.c.h; path = ComicListViewController.h; sourceTree = "<group>"; };
		0372FF7C10447552004CD031 /* ComicListViewController.m */ = {isa = PBXFileReference; fileEncoding = 4; lastKnownFileType = sourcecode.c.objc; lineEnding = 0; path = ComicListViewController.m; sourceTree = "<group>"; xcLanguageSpecificationIdentifier = xcode.lang.objc; };
		03798E72146C9FD8006AD9B1 /* Twitter.framework */ = {isa = PBXFileReference; lastKnownFileType = wrapper.framework; name = Twitter.framework; path = System/Library/Frameworks/Twitter.framework; sourceTree = SDKROOT; };
		037CC6DB122B183C002E4738 /* Security.framework */ = {isa = PBXFileReference; lastKnownFileType = wrapper.framework; name = Security.framework; path = System/Library/Frameworks/Security.framework; sourceTree = SDKROOT; };
		037CC6DD122B183C002E4738 /* SystemConfiguration.framework */ = {isa = PBXFileReference; lastKnownFileType = wrapper.framework; name = SystemConfiguration.framework; path = System/Library/Frameworks/SystemConfiguration.framework; sourceTree = SDKROOT; };
		037CC6DF122B1846002E4738 /* QuartzCore.framework */ = {isa = PBXFileReference; lastKnownFileType = wrapper.framework; name = QuartzCore.framework; path = System/Library/Frameworks/QuartzCore.framework; sourceTree = SDKROOT; };
		0384E76210500E0F0096D4E7 /* Settings.bundle */ = {isa = PBXFileReference; lastKnownFileType = "wrapper.plug-in"; path = Settings.bundle; sourceTree = "<group>"; };
		0384E8C3105036D40096D4E7 /* MessageUI.framework */ = {isa = PBXFileReference; lastKnownFileType = wrapper.framework; name = MessageUI.framework; path = System/Library/Frameworks/MessageUI.framework; sourceTree = SDKROOT; };
		03870FCE1595525D00436B99 /* comics.sqlite */ = {isa = PBXFileReference; lastKnownFileType = file; path = comics.sqlite; sourceTree = "<group>"; };
		039387FC10508DE8001EFE4E /* ad-hoc-entitlements.plist */ = {isa = PBXFileReference; fileEncoding = 4; lastKnownFileType = text.plist.xml; path = "ad-hoc-entitlements.plist"; sourceTree = "<group>"; };
		03941EDF159161DB00ADBED9 /* NSArray+Filtering.h */ = {isa = PBXFileReference; fileEncoding = 4; lastKnownFileType = sourcecode.c.h; path = "NSArray+Filtering.h"; sourceTree = "<group>"; };
		03941EE0159161DB00ADBED9 /* NSArray+Filtering.m */ = {isa = PBXFileReference; fileEncoding = 4; lastKnownFileType = sourcecode.c.objc; path = "NSArray+Filtering.m"; sourceTree = "<group>"; };
		03B6BC04112CB3A100C32C21 /* NSString_HTML.h */ = {isa = PBXFileReference; fileEncoding = 4; lastKnownFileType = sourcecode.c.h; path = NSString_HTML.h; sourceTree = "<group>"; };
		03B6BC05112CB3A200C32C21 /* NSString_HTML.m */ = {isa = PBXFileReference; fileEncoding = 4; lastKnownFileType = sourcecode.c.objc; lineEnding = 0; path = NSString_HTML.m; sourceTree = "<group>"; xcLanguageSpecificationIdentifier = xcode.lang.objc; };
		03B6BC1B112D9D9B00C32C21 /* UnitTests-Info.plist */ = {isa = PBXFileReference; lastKnownFileType = text.plist.xml; path = "UnitTests-Info.plist"; sourceTree = "<group>"; };
		03B6BC6C112DA07D00C32C21 /* TestNSString_HTML.m */ = {isa = PBXFileReference; fileEncoding = 4; lastKnownFileType = sourcecode.c.objc; name = TestNSString_HTML.m; path = ../TestNSString_HTML.m; sourceTree = "<group>"; };
		03DA9CA91097A4DA005A34B2 /* CoreLocation.framework */ = {isa = PBXFileReference; lastKnownFileType = wrapper.framework; name = CoreLocation.framework; path = System/Library/Frameworks/CoreLocation.framework; sourceTree = SDKROOT; };
		03F10D35104D6DDE0045AEFC /* Comic.h */ = {isa = PBXFileReference; fileEncoding = 4; lastKnownFileType = sourcecode.c.h; path = Comic.h; sourceTree = "<group>"; };
		03F10D36104D6DDE0045AEFC /* Comic.m */ = {isa = PBXFileReference; fileEncoding = 4; lastKnownFileType = sourcecode.c.objc; lineEnding = 0; path = Comic.m; sourceTree = "<group>"; xcLanguageSpecificationIdentifier = xcode.lang.objc; };
		03F10DAF104D77030045AEFC /* NewComicFetcher.h */ = {isa = PBXFileReference; fileEncoding = 4; lastKnownFileType = sourcecode.c.h; lineEnding = 0; path = NewComicFetcher.h; sourceTree = "<group>"; xcLanguageSpecificationIdentifier = xcode.lang.objcpp; };
		03F10DB0104D77030045AEFC /* NewComicFetcher.m */ = {isa = PBXFileReference; fileEncoding = 4; lastKnownFileType = sourcecode.c.objc; lineEnding = 0; path = NewComicFetcher.m; sourceTree = "<group>"; xcLanguageSpecificationIdentifier = xcode.lang.objc; };
		03F10DBA104D78450045AEFC /* FetchComicFromWeb.h */ = {isa = PBXFileReference; fileEncoding = 4; lastKnownFileType = sourcecode.c.h; lineEnding = 0; path = FetchComicFromWeb.h; sourceTree = "<group>"; xcLanguageSpecificationIdentifier = xcode.lang.objcpp; };
		03F10DBB104D78450045AEFC /* FetchComicFromWeb.m */ = {isa = PBXFileReference; fileEncoding = 4; lastKnownFileType = sourcecode.c.objc; lineEnding = 0; path = FetchComicFromWeb.m; sourceTree = "<group>"; xcLanguageSpecificationIdentifier = xcode.lang.objc; };
		03F10F0B104D8F1C0045AEFC /* NewComicFetcherDelegate.h */ = {isa = PBXFileReference; fileEncoding = 4; lastKnownFileType = sourcecode.c.h; path = NewComicFetcherDelegate.h; sourceTree = "<group>"; };
		03F11404104F21110045AEFC /* XkcdErrorCodes.h */ = {isa = PBXFileReference; fileEncoding = 4; lastKnownFileType = sourcecode.c.h; path = XkcdErrorCodes.h; sourceTree = "<group>"; };
		03F1149B104F2A7C0045AEFC /* SingleComicViewController.h */ = {isa = PBXFileReference; fileEncoding = 4; lastKnownFileType = sourcecode.c.h; lineEnding = 0; path = SingleComicViewController.h; sourceTree = "<group>"; xcLanguageSpecificationIdentifier = xcode.lang.objcpp; };
		03F1149C104F2A7C0045AEFC /* SingleComicViewController.m */ = {isa = PBXFileReference; fileEncoding = 4; lastKnownFileType = sourcecode.c.objc; lineEnding = 0; path = SingleComicViewController.m; sourceTree = "<group>"; xcLanguageSpecificationIdentifier = xcode.lang.objc; };
		03F114ED104F2EF30045AEFC /* SingleComicImageFetcher.h */ = {isa = PBXFileReference; fileEncoding = 4; lastKnownFileType = sourcecode.c.h; lineEnding = 0; path = SingleComicImageFetcher.h; sourceTree = "<group>"; xcLanguageSpecificationIdentifier = xcode.lang.objcpp; };
		03F114EE104F2EF30045AEFC /* SingleComicImageFetcher.m */ = {isa = PBXFileReference; fileEncoding = 4; lastKnownFileType = sourcecode.c.objc; lineEnding = 0; path = SingleComicImageFetcher.m; sourceTree = "<group>"; xcLanguageSpecificationIdentifier = xcode.lang.objc; };
		03F114F0104F2F4A0045AEFC /* SingleComicImageFetcherDelegate.h */ = {isa = PBXFileReference; fileEncoding = 4; lastKnownFileType = sourcecode.c.h; path = SingleComicImageFetcherDelegate.h; sourceTree = "<group>"; };
		03F114F1104F30140045AEFC /* FetchComicImageFromWeb.h */ = {isa = PBXFileReference; fileEncoding = 4; lastKnownFileType = sourcecode.c.h; lineEnding = 0; path = FetchComicImageFromWeb.h; sourceTree = "<group>"; xcLanguageSpecificationIdentifier = xcode.lang.objcpp; };
		03F114F2104F30140045AEFC /* FetchComicImageFromWeb.m */ = {isa = PBXFileReference; fileEncoding = 4; lastKnownFileType = sourcecode.c.objc; lineEnding = 0; path = FetchComicImageFromWeb.m; sourceTree = "<group>"; xcLanguageSpecificationIdentifier = xcode.lang.objc; };
		03F40E43122AA58600A35F44 /* iTunesArtwork.jpg */ = {isa = PBXFileReference; lastKnownFileType = image.jpeg; path = iTunesArtwork.jpg; sourceTree = "<group>"; };
		03F701FD1464BEDF0091BF49 /* TLMacros.h */ = {isa = PBXFileReference; fileEncoding = 4; lastKnownFileType = sourcecode.c.h; path = TLMacros.h; sourceTree = "<group>"; };
		03F7020A1464C2990091BF49 /* TLModalActivityIndicatorView.h */ = {isa = PBXFileReference; fileEncoding = 4; lastKnownFileType = sourcecode.c.h; lineEnding = 0; path = TLModalActivityIndicatorView.h; sourceTree = "<group>"; xcLanguageSpecificationIdentifier = xcode.lang.objcpp; };
		03F7020B1464C2990091BF49 /* TLModalActivityIndicatorView.m */ = {isa = PBXFileReference; fileEncoding = 4; lastKnownFileType = sourcecode.c.objc; lineEnding = 0; path = TLModalActivityIndicatorView.m; sourceTree = "<group>"; xcLanguageSpecificationIdentifier = xcode.lang.objc; };
		03F7020E1464C2AA0091BF49 /* CGGeometry_TLCommon.h */ = {isa = PBXFileReference; fileEncoding = 4; lastKnownFileType = sourcecode.c.h; path = CGGeometry_TLCommon.h; sourceTree = "<group>"; };
		03F7020F1464C3270091BF49 /* CoreGraphics.framework */ = {isa = PBXFileReference; lastKnownFileType = wrapper.framework; name = CoreGraphics.framework; path = System/Library/Frameworks/CoreGraphics.framework; sourceTree = SDKROOT; };
		03F7021F1464C4450091BF49 /* UIActivityIndicatorView_TLCommon.h */ = {isa = PBXFileReference; fileEncoding = 4; lastKnownFileType = sourcecode.c.h; path = UIActivityIndicatorView_TLCommon.h; sourceTree = "<group>"; };
		03F702201464C4450091BF49 /* UIActivityIndicatorView_TLCommon.m */ = {isa = PBXFileReference; fileEncoding = 4; lastKnownFileType = sourcecode.c.objc; path = UIActivityIndicatorView_TLCommon.m; sourceTree = "<group>"; };
		03F702271464C4A70091BF49 /* UIBarButtonItem_TLCommon.h */ = {isa = PBXFileReference; fileEncoding = 4; lastKnownFileType = sourcecode.c.h; path = UIBarButtonItem_TLCommon.h; sourceTree = "<group>"; };
		03F702281464C4A70091BF49 /* UIBarButtonItem_TLCommon.m */ = {isa = PBXFileReference; fileEncoding = 4; lastKnownFileType = sourcecode.c.objc; path = UIBarButtonItem_TLCommon.m; sourceTree = "<group>"; };
		03F702331464C5550091BF49 /* UITableView_TLCommon.h */ = {isa = PBXFileReference; fileEncoding = 4; lastKnownFileType = sourcecode.c.h; path = UITableView_TLCommon.h; sourceTree = "<group>"; };
		03F702341464C5550091BF49 /* UITableView_TLCommon.m */ = {isa = PBXFileReference; fileEncoding = 4; lastKnownFileType = sourcecode.c.objc; path = UITableView_TLCommon.m; sourceTree = "<group>"; };
		03F7023F1464C5B10091BF49 /* TLMersenneTwister.h */ = {isa = PBXFileReference; fileEncoding = 4; lastKnownFileType = sourcecode.c.h; path = TLMersenneTwister.h; sourceTree = "<group>"; };
		03F702401464C5B10091BF49 /* TLMersenneTwister.m */ = {isa = PBXFileReference; fileEncoding = 4; lastKnownFileType = sourcecode.c.objc; path = TLMersenneTwister.m; sourceTree = "<group>"; };
		1D30AB110D05D00D00671497 /* Foundation.framework */ = {isa = PBXFileReference; lastKnownFileType = wrapper.framework; name = Foundation.framework; path = System/Library/Frameworks/Foundation.framework; sourceTree = SDKROOT; };
		1D6058910D05DD3D006BFB54 /* xkcd.app */ = {isa = PBXFileReference; explicitFileType = wrapper.application; includeInIndex = 0; path = xkcd.app; sourceTree = BUILT_PRODUCTS_DIR; };
		1DF5F4DF0D08C38300B7A737 /* UIKit.framework */ = {isa = PBXFileReference; lastKnownFileType = wrapper.framework; name = UIKit.framework; path = System/Library/Frameworks/UIKit.framework; sourceTree = SDKROOT; };
		28D801B30F44B63D00FB423F /* CoreData.framework */ = {isa = PBXFileReference; lastKnownFileType = wrapper.framework; name = CoreData.framework; path = System/Library/Frameworks/CoreData.framework; sourceTree = SDKROOT; };
		29B97316FDCFA39411CA2CEA /* main.m */ = {isa = PBXFileReference; fileEncoding = 4; lastKnownFileType = sourcecode.c.objc; path = main.m; sourceTree = "<group>"; };
		32CA4F630368D1EE00C91783 /* xkcd_Prefix.pch */ = {isa = PBXFileReference; fileEncoding = 4; lastKnownFileType = sourcecode.c.h; path = xkcd_Prefix.pch; sourceTree = "<group>"; };
		5136AE8A175463A100742406 /* TLNavigationController.h */ = {isa = PBXFileReference; fileEncoding = 4; lastKnownFileType = sourcecode.c.h; path = TLNavigationController.h; sourceTree = "<group>"; };
		5136AE8B175463A100742406 /* TLNavigationController.m */ = {isa = PBXFileReference; fileEncoding = 4; lastKnownFileType = sourcecode.c.objc; path = TLNavigationController.m; sourceTree = "<group>"; };
		516356E31BCBE12600BF7D91 /* FCOpenInChromeActivity.h */ = {isa = PBXFileReference; fileEncoding = 4; lastKnownFileType = sourcecode.c.h; path = FCOpenInChromeActivity.h; sourceTree = "<group>"; };
		516356E41BCBE12600BF7D91 /* FCOpenInChromeActivity.m */ = {isa = PBXFileReference; fileEncoding = 4; lastKnownFileType = sourcecode.c.objc; lineEnding = 0; path = FCOpenInChromeActivity.m; sourceTree = "<group>"; xcLanguageSpecificationIdentifier = xcode.lang.objc; };
		516356E51BCBE12600BF7D91 /* FCOpenInSafariActivity.h */ = {isa = PBXFileReference; fileEncoding = 4; lastKnownFileType = sourcecode.c.h; path = FCOpenInSafariActivity.h; sourceTree = "<group>"; };
		516356E61BCBE12600BF7D91 /* FCOpenInSafariActivity.m */ = {isa = PBXFileReference; fileEncoding = 4; lastKnownFileType = sourcecode.c.objc; lineEnding = 0; path = FCOpenInSafariActivity.m; sourceTree = "<group>"; xcLanguageSpecificationIdentifier = xcode.lang.objc; };
		5183AD081BCB123800F5AFAF /* LaunchStoryboard.storyboard */ = {isa = PBXFileReference; fileEncoding = 4; lastKnownFileType = file.storyboard; path = LaunchStoryboard.storyboard; sourceTree = "<group>"; };
		51A205A01BCD2E180029ABE2 /* xkcdTests.xctest */ = {isa = PBXFileReference; explicitFileType = wrapper.cfbundle; includeInIndex = 0; path = xkcdTests.xctest; sourceTree = BUILT_PRODUCTS_DIR; };
		51A205A41BCD2E180029ABE2 /* Info.plist */ = {isa = PBXFileReference; lastKnownFileType = text.plist.xml; path = Info.plist; sourceTree = "<group>"; };
		51AB8A261BCAD05100BB58A7 /* Media.xcassets */ = {isa = PBXFileReference; lastKnownFileType = folder.assetcatalog; path = Media.xcassets; sourceTree = "<group>"; };
		8D1107310486CEB800E47090 /* xkcd-Info.plist */ = {isa = PBXFileReference; fileEncoding = 4; lastKnownFileType = text.plist.xml; path = "xkcd-Info.plist"; sourceTree = "<group>"; };
		B5C55A76161E740400B0A2D9 /* iTunesArtwork@2x.jpg */ = {isa = PBXFileReference; lastKnownFileType = image.jpeg; path = "iTunesArtwork@2x.jpg"; sourceTree = "<group>"; };
		DA6EB771241484E100135165 /* xkcd 2.xcdatamodel */ = {isa = PBXFileReference; lastKnownFileType = wrapper.xcdatamodel; path = "xkcd 2.xcdatamodel"; sourceTree = "<group>"; };
		DA6EB772241484E100135165 /* xkcd.xcdatamodel */ = {isa = PBXFileReference; lastKnownFileType = wrapper.xcdatamodel; path = xkcd.xcdatamodel; sourceTree = "<group>"; };
		DABE7EFF241545B600155DE3 /* NSMutableArray+Safety.h */ = {isa = PBXFileReference; lastKnownFileType = sourcecode.c.h; path = "NSMutableArray+Safety.h"; sourceTree = "<group>"; };
		DABE7F00241545B600155DE3 /* NSMutableArray+Safety.m */ = {isa = PBXFileReference; lastKnownFileType = sourcecode.c.objc; path = "NSMutableArray+Safety.m"; sourceTree = "<group>"; };
		DAC1B2A31C558B0900436971 /* xkcd-Bridging-Header.h */ = {isa = PBXFileReference; lastKnownFileType = sourcecode.c.h; path = "xkcd-Bridging-Header.h"; sourceTree = "<group>"; };
		DAC1B2A41C558B0900436971 /* AppDelegate.swift */ = {isa = PBXFileReference; fileEncoding = 4; lastKnownFileType = sourcecode.swift; path = AppDelegate.swift; sourceTree = "<group>"; };
		DAC1B2A61C559A0000436971 /* Constants.swift */ = {isa = PBXFileReference; fileEncoding = 4; lastKnownFileType = sourcecode.swift; path = Constants.swift; sourceTree = "<group>"; };
		DAC1B2A81C559B2A00436971 /* Preferences.swift */ = {isa = PBXFileReference; fileEncoding = 4; lastKnownFileType = sourcecode.swift; path = Preferences.swift; sourceTree = "<group>"; };
		DAC1B2AA1C559EF700436971 /* CoreDataStack.swift */ = {isa = PBXFileReference; fileEncoding = 4; lastKnownFileType = sourcecode.swift; path = CoreDataStack.swift; sourceTree = "<group>"; };
		DAC1B2B01C55B00300436971 /* UIScrollView+Helper.swift */ = {isa = PBXFileReference; fileEncoding = 4; lastKnownFileType = sourcecode.swift; path = "UIScrollView+Helper.swift"; sourceTree = "<group>"; };
/* End PBXFileReference section */

/* Begin PBXFrameworksBuildPhase section */
		1D60588F0D05DD3D006BFB54 /* Frameworks */ = {
			isa = PBXFrameworksBuildPhase;
			buildActionMask = 2147483647;
			files = (
				03F702101464C3270091BF49 /* CoreGraphics.framework in Frameworks */,
				1D60589F0D05DD5A006BFB54 /* Foundation.framework in Frameworks */,
				1DF5F4E00D08C38300B7A737 /* UIKit.framework in Frameworks */,
				28D801B40F44B63D00FB423F /* CoreData.framework in Frameworks */,
				0384E8C4105036D40096D4E7 /* MessageUI.framework in Frameworks */,
				037CC6DC122B183C002E4738 /* Security.framework in Frameworks */,
				037CC6E0122B1846002E4738 /* QuartzCore.framework in Frameworks */,
			);
			runOnlyForDeploymentPostprocessing = 0;
		};
		51A2059D1BCD2E180029ABE2 /* Frameworks */ = {
			isa = PBXFrameworksBuildPhase;
			buildActionMask = 2147483647;
			files = (
			);
			runOnlyForDeploymentPostprocessing = 0;
		};
/* End PBXFrameworksBuildPhase section */

/* Begin PBXGroup section */
		034E0E9910A9ED7C0021D494 /* Meta */ = {
			isa = PBXGroup;
			children = (
				034E0E9A10A9ED8F0021D494 /* LICENSE */,
				034E0E9E10A9EDA00021D494 /* README.md */,
			);
			name = Meta;
			sourceTree = "<group>";
		};
		03941EDE159161BC00ADBED9 /* Categories */ = {
			isa = PBXGroup;
			children = (
				03941EDF159161DB00ADBED9 /* NSArray+Filtering.h */,
				03941EE0159161DB00ADBED9 /* NSArray+Filtering.m */,
				031FE8EF159536C3008E92DF /* NSDictionary+TypeSafety.h */,
				031FE8F0159536C3008E92DF /* NSDictionary+TypeSafety.m */,
				DAC1B2B01C55B00300436971 /* UIScrollView+Helper.swift */,
				DABE7EFF241545B600155DE3 /* NSMutableArray+Safety.h */,
				DABE7F00241545B600155DE3 /* NSMutableArray+Safety.m */,
			);
			name = Categories;
			sourceTree = "<group>";
		};
		03DA9D721097B497005A34B2 /* System */ = {
			isa = PBXGroup;
			children = (
				8D1107310486CEB800E47090 /* xkcd-Info.plist */,
				03B6BC1B112D9D9B00C32C21 /* UnitTests-Info.plist */,
				0384E76210500E0F0096D4E7 /* Settings.bundle */,
				039387FC10508DE8001EFE4E /* ad-hoc-entitlements.plist */,
			);
			name = System;
			sourceTree = "<group>";
		};
		03DA9D751097B4C1005A34B2 /* Core data */ = {
			isa = PBXGroup;
			children = (
				DA6EB770241484E100135165 /* xkcd.xcdatamodeld */,
				03870FCE1595525D00436B99 /* comics.sqlite */,
			);
			name = "Core data";
			sourceTree = "<group>";
		};
		03E9063310AA3C5F00D74902 /* Fetch related */ = {
			isa = PBXGroup;
			children = (
				03F10DAF104D77030045AEFC /* NewComicFetcher.h */,
				03F10DB0104D77030045AEFC /* NewComicFetcher.m */,
				03F10DBA104D78450045AEFC /* FetchComicFromWeb.h */,
				03F10DBB104D78450045AEFC /* FetchComicFromWeb.m */,
				03F114ED104F2EF30045AEFC /* SingleComicImageFetcher.h */,
				03F114EE104F2EF30045AEFC /* SingleComicImageFetcher.m */,
				03F114F1104F30140045AEFC /* FetchComicImageFromWeb.h */,
				03F114F2104F30140045AEFC /* FetchComicImageFromWeb.m */,
			);
			name = "Fetch related";
			sourceTree = "<group>";
		};
		03F10D34104D6DD20045AEFC /* Models */ = {
			isa = PBXGroup;
			children = (
				03E9063310AA3C5F00D74902 /* Fetch related */,
				03F10D35104D6DDE0045AEFC /* Comic.h */,
				03F10D36104D6DDE0045AEFC /* Comic.m */,
				03B6BC04112CB3A100C32C21 /* NSString_HTML.h */,
				03B6BC05112CB3A200C32C21 /* NSString_HTML.m */,
				516356E31BCBE12600BF7D91 /* FCOpenInChromeActivity.h */,
				516356E41BCBE12600BF7D91 /* FCOpenInChromeActivity.m */,
				516356E51BCBE12600BF7D91 /* FCOpenInSafariActivity.h */,
				516356E61BCBE12600BF7D91 /* FCOpenInSafariActivity.m */,
			);
			name = Models;
			sourceTree = "<group>";
		};
		03F10F03104D8ECB0045AEFC /* Controllers */ = {
			isa = PBXGroup;
			children = (
				0372FF7B10447552004CD031 /* ComicListViewController.h */,
				0372FF7C10447552004CD031 /* ComicListViewController.m */,
				03F1149B104F2A7C0045AEFC /* SingleComicViewController.h */,
				03F1149C104F2A7C0045AEFC /* SingleComicViewController.m */,
				032FA24A1592928D00C39198 /* FAQViewController.h */,
				032FA24B1592928D00C39198 /* FAQViewController.m */,
			);
			name = Controllers;
			sourceTree = "<group>";
		};
		03F10F0A104D8F0A0045AEFC /* Protocols */ = {
			isa = PBXGroup;
			children = (
				03F10F0B104D8F1C0045AEFC /* NewComicFetcherDelegate.h */,
				03F114F0104F2F4A0045AEFC /* SingleComicImageFetcherDelegate.h */,
			);
			name = Protocols;
			sourceTree = "<group>";
		};
		03F40E3C122AA54000A35F44 /* Application icons */ = {
			isa = PBXGroup;
			children = (
				03F40E43122AA58600A35F44 /* iTunesArtwork.jpg */,
				B5C55A76161E740400B0A2D9 /* iTunesArtwork@2x.jpg */,
			);
			name = "Application icons";
			sourceTree = "<group>";
		};
		03F701FA1464BECC0091BF49 /* TLCommon */ = {
			isa = PBXGroup;
			children = (
				03F701FD1464BEDF0091BF49 /* TLMacros.h */,
				03F7020A1464C2990091BF49 /* TLModalActivityIndicatorView.h */,
				03F7020B1464C2990091BF49 /* TLModalActivityIndicatorView.m */,
				03F7020E1464C2AA0091BF49 /* CGGeometry_TLCommon.h */,
				03F7021F1464C4450091BF49 /* UIActivityIndicatorView_TLCommon.h */,
				03F702201464C4450091BF49 /* UIActivityIndicatorView_TLCommon.m */,
				03F702271464C4A70091BF49 /* UIBarButtonItem_TLCommon.h */,
				03F702281464C4A70091BF49 /* UIBarButtonItem_TLCommon.m */,
				03F702331464C5550091BF49 /* UITableView_TLCommon.h */,
				03F702341464C5550091BF49 /* UITableView_TLCommon.m */,
				03F7023F1464C5B10091BF49 /* TLMersenneTwister.h */,
				03F702401464C5B10091BF49 /* TLMersenneTwister.m */,
				5136AE8A175463A100742406 /* TLNavigationController.h */,
				5136AE8B175463A100742406 /* TLNavigationController.m */,
			);
			name = TLCommon;
			sourceTree = "<group>";
		};
		080E96DDFE201D6D7F000001 /* Classes */ = {
			isa = PBXGroup;
			children = (
				DAC1B2A61C559A0000436971 /* Constants.swift */,
				DAC1B2A81C559B2A00436971 /* Preferences.swift */,
				DAC1B2A41C558B0900436971 /* AppDelegate.swift */,
				DAC1B2AA1C559EF700436971 /* CoreDataStack.swift */,
				03941EDE159161BC00ADBED9 /* Categories */,
				03F10F0A104D8F0A0045AEFC /* Protocols */,
				03F10D34104D6DD20045AEFC /* Models */,
				03F10F03104D8ECB0045AEFC /* Controllers */,
				03F11404104F21110045AEFC /* XkcdErrorCodes.h */,
				DAC1B2A31C558B0900436971 /* xkcd-Bridging-Header.h */,
			);
			path = Classes;
			sourceTree = "<group>";
		};
		19C28FACFE9D520D11CA2CBB /* Products */ = {
			isa = PBXGroup;
			children = (
				1D6058910D05DD3D006BFB54 /* xkcd.app */,
				51A205A01BCD2E180029ABE2 /* xkcdTests.xctest */,
			);
			name = Products;
			sourceTree = "<group>";
		};
		29B97314FDCFA39411CA2CEA /* CustomTemplate */ = {
			isa = PBXGroup;
			children = (
				03F701FA1464BECC0091BF49 /* TLCommon */,
				080E96DDFE201D6D7F000001 /* Classes */,
				29B97315FDCFA39411CA2CEA /* Other Sources */,
				29B97317FDCFA39411CA2CEA /* Resources */,
				51A205A11BCD2E180029ABE2 /* xkcdTests */,
				29B97323FDCFA39411CA2CEA /* Frameworks */,
				19C28FACFE9D520D11CA2CBB /* Products */,
			);
			name = CustomTemplate;
			sourceTree = "<group>";
		};
		29B97315FDCFA39411CA2CEA /* Other Sources */ = {
			isa = PBXGroup;
			children = (
				32CA4F630368D1EE00C91783 /* xkcd_Prefix.pch */,
				29B97316FDCFA39411CA2CEA /* main.m */,
			);
			name = "Other Sources";
			sourceTree = "<group>";
		};
		29B97317FDCFA39411CA2CEA /* Resources */ = {
			isa = PBXGroup;
			children = (
				51AB8A261BCAD05100BB58A7 /* Media.xcassets */,
				03F40E3C122AA54000A35F44 /* Application icons */,
				034E0E9910A9ED7C0021D494 /* Meta */,
				03DA9D721097B497005A34B2 /* System */,
				03DA9D751097B4C1005A34B2 /* Core data */,
				032FA24F159294B900C39198 /* faq.plist */,
				5183AD081BCB123800F5AFAF /* LaunchStoryboard.storyboard */,
			);
			name = Resources;
			sourceTree = "<group>";
		};
		29B97323FDCFA39411CA2CEA /* Frameworks */ = {
			isa = PBXGroup;
			children = (
				03798E72146C9FD8006AD9B1 /* Twitter.framework */,
				03F7020F1464C3270091BF49 /* CoreGraphics.framework */,
				0384E8C3105036D40096D4E7 /* MessageUI.framework */,
				1DF5F4DF0D08C38300B7A737 /* UIKit.framework */,
				1D30AB110D05D00D00671497 /* Foundation.framework */,
				28D801B30F44B63D00FB423F /* CoreData.framework */,
				03DA9CA91097A4DA005A34B2 /* CoreLocation.framework */,
				037CC6DB122B183C002E4738 /* Security.framework */,
				037CC6DD122B183C002E4738 /* SystemConfiguration.framework */,
				037CC6DF122B1846002E4738 /* QuartzCore.framework */,
			);
			name = Frameworks;
			sourceTree = "<group>";
		};
		51A205A11BCD2E180029ABE2 /* xkcdTests */ = {
			isa = PBXGroup;
			children = (
				51A205A41BCD2E180029ABE2 /* Info.plist */,
				03B6BC6C112DA07D00C32C21 /* TestNSString_HTML.m */,
			);
			path = xkcdTests;
			sourceTree = "<group>";
		};
/* End PBXGroup section */

/* Begin PBXNativeTarget section */
		1D6058900D05DD3D006BFB54 /* xkcd */ = {
			isa = PBXNativeTarget;
			buildConfigurationList = 1D6058960D05DD3E006BFB54 /* Build configuration list for PBXNativeTarget "xkcd" */;
			buildPhases = (
				1D60588D0D05DD3D006BFB54 /* Resources */,
				1D60588E0D05DD3D006BFB54 /* Sources */,
				1D60588F0D05DD3D006BFB54 /* Frameworks */,
			);
			buildRules = (
			);
			dependencies = (
			);
			name = xkcd;
			productName = xkcd;
			productReference = 1D6058910D05DD3D006BFB54 /* xkcd.app */;
			productType = "com.apple.product-type.application";
		};
		51A2059F1BCD2E180029ABE2 /* xkcdTests */ = {
			isa = PBXNativeTarget;
			buildConfigurationList = 51A205A71BCD2E180029ABE2 /* Build configuration list for PBXNativeTarget "xkcdTests" */;
			buildPhases = (
				51A2059C1BCD2E180029ABE2 /* Sources */,
				51A2059D1BCD2E180029ABE2 /* Frameworks */,
				51A2059E1BCD2E180029ABE2 /* Resources */,
			);
			buildRules = (
			);
			dependencies = (
				51A205A61BCD2E180029ABE2 /* PBXTargetDependency */,
			);
			name = xkcdTests;
			productName = xkcdTests;
			productReference = 51A205A01BCD2E180029ABE2 /* xkcdTests.xctest */;
			productType = "com.apple.product-type.bundle.unit-test";
		};
/* End PBXNativeTarget section */

/* Begin PBXProject section */
		29B97313FDCFA39411CA2CEA /* Project object */ = {
			isa = PBXProject;
			attributes = {
				LastSwiftUpdateCheck = 0720;
				LastUpgradeCheck = 1130;
				TargetAttributes = {
					1D6058900D05DD3D006BFB54 = {
						DevelopmentTeam = T8C475VNC5;
						LastSwiftMigration = 1130;
					};
					51A2059F1BCD2E180029ABE2 = {
						CreatedOnToolsVersion = 7.0.1;
					};
				};
			};
			buildConfigurationList = C01FCF4E08A954540054247B /* Build configuration list for PBXProject "xkcd" */;
			compatibilityVersion = "Xcode 3.2";
			developmentRegion = English;
			hasScannedForEncodings = 1;
			knownRegions = (
				English,
				en,
			);
			mainGroup = 29B97314FDCFA39411CA2CEA /* CustomTemplate */;
			projectDirPath = "";
			projectRoot = "";
			targets = (
				1D6058900D05DD3D006BFB54 /* xkcd */,
				51A2059F1BCD2E180029ABE2 /* xkcdTests */,
			);
		};
/* End PBXProject section */

/* Begin PBXResourcesBuildPhase section */
		1D60588D0D05DD3D006BFB54 /* Resources */ = {
			isa = PBXResourcesBuildPhase;
			buildActionMask = 2147483647;
			files = (
				0384E76310500E0F0096D4E7 /* Settings.bundle in Resources */,
				039387FD10508DE8001EFE4E /* ad-hoc-entitlements.plist in Resources */,
				51AB8A271BCAD05100BB58A7 /* Media.xcassets in Resources */,
				032FA250159294B900C39198 /* faq.plist in Resources */,
				5183AD091BCB123800F5AFAF /* LaunchStoryboard.storyboard in Resources */,
				03870FCF1595525D00436B99 /* comics.sqlite in Resources */,
			);
			runOnlyForDeploymentPostprocessing = 0;
		};
		51A2059E1BCD2E180029ABE2 /* Resources */ = {
			isa = PBXResourcesBuildPhase;
			buildActionMask = 2147483647;
			files = (
			);
			runOnlyForDeploymentPostprocessing = 0;
		};
/* End PBXResourcesBuildPhase section */

/* Begin PBXSourcesBuildPhase section */
		1D60588E0D05DD3D006BFB54 /* Sources */ = {
			isa = PBXSourcesBuildPhase;
			buildActionMask = 2147483647;
			files = (
				1D60589B0D05DD56006BFB54 /* main.m in Sources */,
				0372FF7D10447552004CD031 /* ComicListViewController.m in Sources */,
				03F10D37104D6DDE0045AEFC /* Comic.m in Sources */,
				03F10DB1104D77030045AEFC /* NewComicFetcher.m in Sources */,
				03F10DBC104D78450045AEFC /* FetchComicFromWeb.m in Sources */,
				03F1149D104F2A7C0045AEFC /* SingleComicViewController.m in Sources */,
				03F114EF104F2EF30045AEFC /* SingleComicImageFetcher.m in Sources */,
				03F114F3104F30140045AEFC /* FetchComicImageFromWeb.m in Sources */,
				03B6BC06112CB3A200C32C21 /* NSString_HTML.m in Sources */,
				516356E81BCBE12600BF7D91 /* FCOpenInSafariActivity.m in Sources */,
				DABE7F01241545B600155DE3 /* NSMutableArray+Safety.m in Sources */,
				516356E71BCBE12600BF7D91 /* FCOpenInChromeActivity.m in Sources */,
				03F7020C1464C2990091BF49 /* TLModalActivityIndicatorView.m in Sources */,
				03F702211464C4450091BF49 /* UIActivityIndicatorView_TLCommon.m in Sources */,
				03F702291464C4A70091BF49 /* UIBarButtonItem_TLCommon.m in Sources */,
				03F702351464C5550091BF49 /* UITableView_TLCommon.m in Sources */,
				03F702411464C5B10091BF49 /* TLMersenneTwister.m in Sources */,
				DAC1B2B11C55B00300436971 /* UIScrollView+Helper.swift in Sources */,
				03941EE1159161DB00ADBED9 /* NSArray+Filtering.m in Sources */,
				DA6EB773241484E100135165 /* xkcd.xcdatamodeld in Sources */,
				DAC1B2A51C558B0900436971 /* AppDelegate.swift in Sources */,
				032FA24D1592928D00C39198 /* FAQViewController.m in Sources */,
				DAC1B2A91C559B2A00436971 /* Preferences.swift in Sources */,
				031FE8F1159536C3008E92DF /* NSDictionary+TypeSafety.m in Sources */,
				5136AE8C175463A100742406 /* TLNavigationController.m in Sources */,
				DAC1B2A71C559A0000436971 /* Constants.swift in Sources */,
				DAC1B2AB1C559EF700436971 /* CoreDataStack.swift in Sources */,
			);
			runOnlyForDeploymentPostprocessing = 0;
		};
		51A2059C1BCD2E180029ABE2 /* Sources */ = {
			isa = PBXSourcesBuildPhase;
			buildActionMask = 2147483647;
			files = (
				51A205AF1BCD2F560029ABE2 /* NSString_HTML.m in Sources */,
				51A205AC1BCD2E3D0029ABE2 /* TestNSString_HTML.m in Sources */,
			);
			runOnlyForDeploymentPostprocessing = 0;
		};
/* End PBXSourcesBuildPhase section */

/* Begin PBXTargetDependency section */
		51A205A61BCD2E180029ABE2 /* PBXTargetDependency */ = {
			isa = PBXTargetDependency;
			target = 1D6058900D05DD3D006BFB54 /* xkcd */;
			targetProxy = 51A205A51BCD2E180029ABE2 /* PBXContainerItemProxy */;
		};
/* End PBXTargetDependency section */

/* Begin XCBuildConfiguration section */
		034042D21056B450004B4909 /* Distribution */ = {
			isa = XCBuildConfiguration;
			buildSettings = {
				CLANG_ANALYZER_LOCALIZABILITY_NONLOCALIZED = YES;
				CLANG_WARN_BLOCK_CAPTURE_AUTORELEASING = YES;
				CLANG_WARN_BOOL_CONVERSION = YES;
				CLANG_WARN_COMMA = YES;
				CLANG_WARN_CONSTANT_CONVERSION = YES;
				CLANG_WARN_DEPRECATED_OBJC_IMPLEMENTATIONS = YES;
				CLANG_WARN_EMPTY_BODY = YES;
				CLANG_WARN_ENUM_CONVERSION = YES;
				CLANG_WARN_INFINITE_RECURSION = YES;
				CLANG_WARN_INT_CONVERSION = YES;
				CLANG_WARN_NON_LITERAL_NULL_CONVERSION = YES;
				CLANG_WARN_OBJC_IMPLICIT_RETAIN_SELF = YES;
				CLANG_WARN_OBJC_LITERAL_CONVERSION = YES;
				CLANG_WARN_RANGE_LOOP_ANALYSIS = YES;
				CLANG_WARN_STRICT_PROTOTYPES = YES;
				CLANG_WARN_SUSPICIOUS_MOVE = YES;
				CLANG_WARN_UNREACHABLE_CODE = YES;
				CLANG_WARN__DUPLICATE_METHOD_MATCH = YES;
				"CODE_SIGN_IDENTITY[sdk=iphoneos*]" = "iPhone Distribution: Joshua Snyder";
				ENABLE_STRICT_OBJC_MSGSEND = YES;
				GCC_C_LANGUAGE_STANDARD = c99;
				GCC_NO_COMMON_BLOCKS = YES;
				GCC_VERSION = com.apple.compilers.llvm.clang.1_0;
				GCC_WARN_64_TO_32_BIT_CONVERSION = YES;
				GCC_WARN_ABOUT_MISSING_FIELD_INITIALIZERS = YES;
				GCC_WARN_ABOUT_MISSING_NEWLINE = YES;
				GCC_WARN_ABOUT_RETURN_TYPE = YES;
				GCC_WARN_INITIALIZER_NOT_FULLY_BRACKETED = YES;
				GCC_WARN_SHADOW = YES;
				GCC_WARN_UNDECLARED_SELECTOR = YES;
				GCC_WARN_UNINITIALIZED_AUTOS = YES;
				GCC_WARN_UNKNOWN_PRAGMAS = YES;
				GCC_WARN_UNUSED_FUNCTION = YES;
				GCC_WARN_UNUSED_VARIABLE = YES;
				HEADER_SEARCH_PATHS = "";
				IPHONEOS_DEPLOYMENT_TARGET = 8.0;
				OTHER_LDFLAGS = (
					"-ObjC",
					"-all_load",
				);
				"PROVISIONING_PROFILE[sdk=iphoneos*]" = "BBEE8B84-BCB8-42C3-815F-414F892F7CCB";
				RUN_CLANG_STATIC_ANALYZER = YES;
				SDKROOT = iphoneos;
				SWIFT_VERSION = 4.0;
				USER_HEADER_SEARCH_PATHS = "";
			};
			name = Distribution;
		};
		034042D31056B450004B4909 /* Distribution */ = {
			isa = XCBuildConfiguration;
			buildSettings = {
				ALWAYS_SEARCH_USER_PATHS = NO;
				ASSETCATALOG_COMPILER_APPICON_NAME = AppIcon;
				CLANG_ANALYZER_SECURITY_FLOATLOOPCOUNTER = YES;
				CLANG_ANALYZER_SECURITY_INSECUREAPI_RAND = YES;
				CLANG_ANALYZER_SECURITY_INSECUREAPI_STRCPY = YES;
				CLANG_ENABLE_MODULES = YES;
				CLANG_ENABLE_OBJC_ARC = YES;
				CLANG_STATIC_ANALYZER_MODE = deep;
				CLANG_WARN_DEPRECATED_OBJC_IMPLEMENTATIONS = YES;
				CLANG_WARN_OBJC_EXPLICIT_OWNERSHIP_TYPE = YES;
				CLANG_WARN_OBJC_IMPLICIT_ATOMIC_PROPERTIES = YES;
				CLANG_WARN_OBJC_IMPLICIT_RETAIN_SELF = YES;
				CODE_SIGN_IDENTITY = "iPhone Developer";
				"CODE_SIGN_IDENTITY[sdk=iphoneos*]" = "iPhone Developer";
				COPY_PHASE_STRIP = YES;
				GCC_PRECOMPILE_PREFIX_HEADER = YES;
				GCC_PREFIX_HEADER = xkcd_Prefix.pch;
				GCC_WARN_MULTIPLE_DEFINITION_TYPES_FOR_SELECTOR = YES;
				GCC_WARN_STRICT_SELECTOR_MATCH = YES;
				HEADER_SEARCH_PATHS = "";
				INFOPLIST_FILE = "$(SRCROOT)/xkcd-Info.plist";
				IPHONEOS_DEPLOYMENT_TARGET = 12.0;
				LD_RUNPATH_SEARCH_PATHS = "$(inherited) @executable_path/Frameworks";
				LIBRARY_SEARCH_PATHS = "$(inherited)";
				OTHER_LDFLAGS = (
					"-ObjC",
					"-all_load",
				);
				PRODUCT_BUNDLE_IDENTIFIER = com.joshapp.xkcd;
				PRODUCT_NAME = xkcd;
				PROVISIONING_PROFILE = "";
				"PROVISIONING_PROFILE[sdk=iphoneos*]" = "";
				SWIFT_OBJC_BRIDGING_HEADER = "Classes/xkcd-Bridging-Header.h";
				SWIFT_VERSION = 5.0;
			};
			name = Distribution;
		};
		039387E410508CBC001EFE4E /* Ad hoc distribution */ = {
			isa = XCBuildConfiguration;
			buildSettings = {
				CLANG_ANALYZER_LOCALIZABILITY_NONLOCALIZED = YES;
				CLANG_WARN_BLOCK_CAPTURE_AUTORELEASING = YES;
				CLANG_WARN_BOOL_CONVERSION = YES;
				CLANG_WARN_COMMA = YES;
				CLANG_WARN_CONSTANT_CONVERSION = YES;
				CLANG_WARN_DEPRECATED_OBJC_IMPLEMENTATIONS = YES;
				CLANG_WARN_EMPTY_BODY = YES;
				CLANG_WARN_ENUM_CONVERSION = YES;
				CLANG_WARN_INFINITE_RECURSION = YES;
				CLANG_WARN_INT_CONVERSION = YES;
				CLANG_WARN_NON_LITERAL_NULL_CONVERSION = YES;
				CLANG_WARN_OBJC_IMPLICIT_RETAIN_SELF = YES;
				CLANG_WARN_OBJC_LITERAL_CONVERSION = YES;
				CLANG_WARN_RANGE_LOOP_ANALYSIS = YES;
				CLANG_WARN_STRICT_PROTOTYPES = YES;
				CLANG_WARN_SUSPICIOUS_MOVE = YES;
				CLANG_WARN_UNREACHABLE_CODE = YES;
				CLANG_WARN__DUPLICATE_METHOD_MATCH = YES;
				"CODE_SIGN_IDENTITY[sdk=iphoneos*]" = "iPhone Distribution: Joshua Snyder";
				ENABLE_STRICT_OBJC_MSGSEND = YES;
				GCC_C_LANGUAGE_STANDARD = c99;
				GCC_NO_COMMON_BLOCKS = YES;
				GCC_VERSION = com.apple.compilers.llvm.clang.1_0;
				GCC_WARN_64_TO_32_BIT_CONVERSION = YES;
				GCC_WARN_ABOUT_MISSING_FIELD_INITIALIZERS = YES;
				GCC_WARN_ABOUT_MISSING_NEWLINE = YES;
				GCC_WARN_ABOUT_RETURN_TYPE = YES;
				GCC_WARN_INITIALIZER_NOT_FULLY_BRACKETED = YES;
				GCC_WARN_SHADOW = YES;
				GCC_WARN_UNDECLARED_SELECTOR = YES;
				GCC_WARN_UNINITIALIZED_AUTOS = YES;
				GCC_WARN_UNKNOWN_PRAGMAS = YES;
				GCC_WARN_UNUSED_FUNCTION = YES;
				GCC_WARN_UNUSED_VARIABLE = YES;
				HEADER_SEARCH_PATHS = "";
				IPHONEOS_DEPLOYMENT_TARGET = 8.0;
				OTHER_LDFLAGS = (
					"-ObjC",
					"-all_load",
				);
				"PROVISIONING_PROFILE[sdk=iphoneos*]" = "17660EA6-5847-4A27-92A1-56C14502DCA8";
				RUN_CLANG_STATIC_ANALYZER = YES;
				SDKROOT = iphoneos;
				SWIFT_VERSION = 4.0;
				USER_HEADER_SEARCH_PATHS = "";
			};
			name = "Ad hoc distribution";
		};
		039387E510508CBC001EFE4E /* Ad hoc distribution */ = {
			isa = XCBuildConfiguration;
			buildSettings = {
				ALWAYS_SEARCH_USER_PATHS = NO;
				ASSETCATALOG_COMPILER_APPICON_NAME = AppIcon;
				CLANG_ANALYZER_SECURITY_FLOATLOOPCOUNTER = YES;
				CLANG_ANALYZER_SECURITY_INSECUREAPI_RAND = YES;
				CLANG_ANALYZER_SECURITY_INSECUREAPI_STRCPY = YES;
				CLANG_ENABLE_MODULES = YES;
				CLANG_ENABLE_OBJC_ARC = YES;
				CLANG_STATIC_ANALYZER_MODE = deep;
				CLANG_WARN_DEPRECATED_OBJC_IMPLEMENTATIONS = YES;
				CLANG_WARN_OBJC_EXPLICIT_OWNERSHIP_TYPE = YES;
				CLANG_WARN_OBJC_IMPLICIT_ATOMIC_PROPERTIES = YES;
				CLANG_WARN_OBJC_IMPLICIT_RETAIN_SELF = YES;
				CODE_SIGN_IDENTITY = "iPhone Developer";
				"CODE_SIGN_IDENTITY[sdk=iphoneos*]" = "iPhone Developer";
				COPY_PHASE_STRIP = YES;
				GCC_PRECOMPILE_PREFIX_HEADER = YES;
				GCC_PREFIX_HEADER = xkcd_Prefix.pch;
				GCC_WARN_MULTIPLE_DEFINITION_TYPES_FOR_SELECTOR = YES;
				GCC_WARN_STRICT_SELECTOR_MATCH = YES;
				HEADER_SEARCH_PATHS = "";
				INFOPLIST_FILE = "$(SRCROOT)/xkcd-Info.plist";
				IPHONEOS_DEPLOYMENT_TARGET = 12.0;
				LD_RUNPATH_SEARCH_PATHS = "$(inherited) @executable_path/Frameworks";
				LIBRARY_SEARCH_PATHS = "$(inherited)";
				PRODUCT_BUNDLE_IDENTIFIER = com.joshapp.xkcd;
				PRODUCT_NAME = xkcd;
				PROVISIONING_PROFILE = "";
				"PROVISIONING_PROFILE[sdk=iphoneos*]" = "";
				SWIFT_OBJC_BRIDGING_HEADER = "Classes/xkcd-Bridging-Header.h";
				SWIFT_VERSION = 5.0;
			};
			name = "Ad hoc distribution";
		};
		1D6058940D05DD3E006BFB54 /* Debug */ = {
			isa = XCBuildConfiguration;
			buildSettings = {
				ALWAYS_SEARCH_USER_PATHS = NO;
				ASSETCATALOG_COMPILER_APPICON_NAME = AppIcon;
				CLANG_ANALYZER_SECURITY_FLOATLOOPCOUNTER = YES;
				CLANG_ANALYZER_SECURITY_INSECUREAPI_RAND = YES;
				CLANG_ANALYZER_SECURITY_INSECUREAPI_STRCPY = YES;
				CLANG_ENABLE_MODULES = YES;
				CLANG_ENABLE_OBJC_ARC = YES;
				CLANG_STATIC_ANALYZER_MODE = deep;
				CLANG_WARN_DEPRECATED_OBJC_IMPLEMENTATIONS = YES;
				CLANG_WARN_OBJC_EXPLICIT_OWNERSHIP_TYPE = YES;
				CLANG_WARN_OBJC_IMPLICIT_ATOMIC_PROPERTIES = YES;
				CLANG_WARN_OBJC_IMPLICIT_RETAIN_SELF = YES;
				CODE_SIGN_IDENTITY = "iPhone Developer";
				"CODE_SIGN_IDENTITY[sdk=iphoneos*]" = "iPhone Developer";
				COPY_PHASE_STRIP = NO;
				GCC_DYNAMIC_NO_PIC = NO;
				GCC_OPTIMIZATION_LEVEL = 0;
				GCC_PRECOMPILE_PREFIX_HEADER = YES;
				GCC_PREFIX_HEADER = xkcd_Prefix.pch;
				GCC_WARN_MULTIPLE_DEFINITION_TYPES_FOR_SELECTOR = YES;
				GCC_WARN_STRICT_SELECTOR_MATCH = YES;
				HEADER_SEARCH_PATHS = "";
				INFOPLIST_FILE = "$(SRCROOT)/xkcd-Info.plist";
				IPHONEOS_DEPLOYMENT_TARGET = 12.0;
				LD_RUNPATH_SEARCH_PATHS = "$(inherited) @executable_path/Frameworks";
				LIBRARY_SEARCH_PATHS = "$(inherited)";
				PRODUCT_BUNDLE_IDENTIFIER = com.joshapp.xkcd;
				PRODUCT_NAME = xkcd;
				PROVISIONING_PROFILE = "";
				SWIFT_OBJC_BRIDGING_HEADER = "Classes/xkcd-Bridging-Header.h";
				SWIFT_OPTIMIZATION_LEVEL = "-Onone";
				SWIFT_VERSION = 5.0;
			};
			name = Debug;
		};
		1D6058950D05DD3E006BFB54 /* Release */ = {
			isa = XCBuildConfiguration;
			buildSettings = {
				ALWAYS_SEARCH_USER_PATHS = NO;
				ASSETCATALOG_COMPILER_APPICON_NAME = AppIcon;
				CLANG_ANALYZER_SECURITY_FLOATLOOPCOUNTER = YES;
				CLANG_ANALYZER_SECURITY_INSECUREAPI_RAND = YES;
				CLANG_ANALYZER_SECURITY_INSECUREAPI_STRCPY = YES;
				CLANG_ENABLE_MODULES = YES;
				CLANG_ENABLE_OBJC_ARC = YES;
				CLANG_STATIC_ANALYZER_MODE = deep;
				CLANG_WARN_DEPRECATED_OBJC_IMPLEMENTATIONS = YES;
				CLANG_WARN_OBJC_EXPLICIT_OWNERSHIP_TYPE = YES;
				CLANG_WARN_OBJC_IMPLICIT_ATOMIC_PROPERTIES = YES;
				CLANG_WARN_OBJC_IMPLICIT_RETAIN_SELF = YES;
				CODE_SIGN_IDENTITY = "iPhone Developer";
				"CODE_SIGN_IDENTITY[sdk=iphoneos*]" = "iPhone Developer";
				COPY_PHASE_STRIP = YES;
				GCC_PRECOMPILE_PREFIX_HEADER = YES;
				GCC_PREFIX_HEADER = xkcd_Prefix.pch;
				GCC_WARN_MULTIPLE_DEFINITION_TYPES_FOR_SELECTOR = YES;
				GCC_WARN_STRICT_SELECTOR_MATCH = YES;
				HEADER_SEARCH_PATHS = "";
				INFOPLIST_FILE = "$(SRCROOT)/xkcd-Info.plist";
				IPHONEOS_DEPLOYMENT_TARGET = 12.0;
				LD_RUNPATH_SEARCH_PATHS = "$(inherited) @executable_path/Frameworks";
				LIBRARY_SEARCH_PATHS = "$(inherited)";
				PRODUCT_BUNDLE_IDENTIFIER = com.joshapp.xkcd;
				PRODUCT_NAME = xkcd;
				PROVISIONING_PROFILE = "";
				SWIFT_OBJC_BRIDGING_HEADER = "Classes/xkcd-Bridging-Header.h";
				SWIFT_VERSION = 5.0;
			};
			name = Release;
		};
		51A205A81BCD2E180029ABE2 /* Debug */ = {
			isa = XCBuildConfiguration;
			buildSettings = {
				ALWAYS_SEARCH_USER_PATHS = NO;
				CLANG_CXX_LANGUAGE_STANDARD = "gnu++0x";
				CLANG_CXX_LIBRARY = "libc++";
				CLANG_ENABLE_MODULES = YES;
				CLANG_ENABLE_OBJC_ARC = YES;
				CLANG_WARN_DIRECT_OBJC_ISA_USAGE = YES_ERROR;
				CLANG_WARN_OBJC_ROOT_CLASS = YES_ERROR;
				COPY_PHASE_STRIP = NO;
				DEBUG_INFORMATION_FORMAT = dwarf;
				GCC_C_LANGUAGE_STANDARD = gnu99;
				GCC_DYNAMIC_NO_PIC = NO;
				GCC_OPTIMIZATION_LEVEL = 0;
				GCC_PREPROCESSOR_DEFINITIONS = (
					"DEBUG=1",
					"$(inherited)",
				);
				GCC_WARN_ABOUT_RETURN_TYPE = YES_ERROR;
				GCC_WARN_UNINITIALIZED_AUTOS = YES_AGGRESSIVE;
				INFOPLIST_FILE = xkcdTests/Info.plist;
				IPHONEOS_DEPLOYMENT_TARGET = 9.0;
				LD_RUNPATH_SEARCH_PATHS = "$(inherited) @executable_path/Frameworks @loader_path/Frameworks";
				MTL_ENABLE_DEBUG_INFO = YES;
				PRODUCT_BUNDLE_IDENTIFIER = paulrehkugler.xkcdTests;
				PRODUCT_NAME = "$(TARGET_NAME)";
				SWIFT_OPTIMIZATION_LEVEL = "-Onone";
			};
			name = Debug;
		};
		51A205A91BCD2E180029ABE2 /* Release */ = {
			isa = XCBuildConfiguration;
			buildSettings = {
				ALWAYS_SEARCH_USER_PATHS = NO;
				CLANG_CXX_LANGUAGE_STANDARD = "gnu++0x";
				CLANG_CXX_LIBRARY = "libc++";
				CLANG_ENABLE_MODULES = YES;
				CLANG_ENABLE_OBJC_ARC = YES;
				CLANG_WARN_DIRECT_OBJC_ISA_USAGE = YES_ERROR;
				CLANG_WARN_OBJC_ROOT_CLASS = YES_ERROR;
				COPY_PHASE_STRIP = NO;
				DEBUG_INFORMATION_FORMAT = "dwarf-with-dsym";
				ENABLE_NS_ASSERTIONS = NO;
				GCC_C_LANGUAGE_STANDARD = gnu99;
				GCC_WARN_ABOUT_RETURN_TYPE = YES_ERROR;
				GCC_WARN_UNINITIALIZED_AUTOS = YES_AGGRESSIVE;
				INFOPLIST_FILE = xkcdTests/Info.plist;
				IPHONEOS_DEPLOYMENT_TARGET = 9.0;
				LD_RUNPATH_SEARCH_PATHS = "$(inherited) @executable_path/Frameworks @loader_path/Frameworks";
				MTL_ENABLE_DEBUG_INFO = NO;
				PRODUCT_BUNDLE_IDENTIFIER = paulrehkugler.xkcdTests;
				PRODUCT_NAME = "$(TARGET_NAME)";
				VALIDATE_PRODUCT = YES;
			};
			name = Release;
		};
		51A205AA1BCD2E180029ABE2 /* Ad hoc distribution */ = {
			isa = XCBuildConfiguration;
			buildSettings = {
				ALWAYS_SEARCH_USER_PATHS = NO;
				CLANG_CXX_LANGUAGE_STANDARD = "gnu++0x";
				CLANG_CXX_LIBRARY = "libc++";
				CLANG_ENABLE_MODULES = YES;
				CLANG_ENABLE_OBJC_ARC = YES;
				CLANG_WARN_DIRECT_OBJC_ISA_USAGE = YES_ERROR;
				CLANG_WARN_OBJC_ROOT_CLASS = YES_ERROR;
				COPY_PHASE_STRIP = NO;
				DEBUG_INFORMATION_FORMAT = "dwarf-with-dsym";
				ENABLE_NS_ASSERTIONS = NO;
				GCC_C_LANGUAGE_STANDARD = gnu99;
				GCC_WARN_ABOUT_RETURN_TYPE = YES_ERROR;
				GCC_WARN_UNINITIALIZED_AUTOS = YES_AGGRESSIVE;
				INFOPLIST_FILE = xkcdTests/Info.plist;
				IPHONEOS_DEPLOYMENT_TARGET = 9.0;
				LD_RUNPATH_SEARCH_PATHS = "$(inherited) @executable_path/Frameworks @loader_path/Frameworks";
				MTL_ENABLE_DEBUG_INFO = NO;
				PRODUCT_BUNDLE_IDENTIFIER = paulrehkugler.xkcdTests;
				PRODUCT_NAME = "$(TARGET_NAME)";
				VALIDATE_PRODUCT = YES;
			};
			name = "Ad hoc distribution";
		};
		51A205AB1BCD2E180029ABE2 /* Distribution */ = {
			isa = XCBuildConfiguration;
			buildSettings = {
				ALWAYS_SEARCH_USER_PATHS = NO;
				CLANG_CXX_LANGUAGE_STANDARD = "gnu++0x";
				CLANG_CXX_LIBRARY = "libc++";
				CLANG_ENABLE_MODULES = YES;
				CLANG_ENABLE_OBJC_ARC = YES;
				CLANG_WARN_DIRECT_OBJC_ISA_USAGE = YES_ERROR;
				CLANG_WARN_OBJC_ROOT_CLASS = YES_ERROR;
				COPY_PHASE_STRIP = NO;
				DEBUG_INFORMATION_FORMAT = "dwarf-with-dsym";
				ENABLE_NS_ASSERTIONS = NO;
				GCC_C_LANGUAGE_STANDARD = gnu99;
				GCC_WARN_ABOUT_RETURN_TYPE = YES_ERROR;
				GCC_WARN_UNINITIALIZED_AUTOS = YES_AGGRESSIVE;
				INFOPLIST_FILE = xkcdTests/Info.plist;
				IPHONEOS_DEPLOYMENT_TARGET = 9.0;
				LD_RUNPATH_SEARCH_PATHS = "$(inherited) @executable_path/Frameworks @loader_path/Frameworks";
				MTL_ENABLE_DEBUG_INFO = NO;
				PRODUCT_BUNDLE_IDENTIFIER = paulrehkugler.xkcdTests;
				PRODUCT_NAME = "$(TARGET_NAME)";
				VALIDATE_PRODUCT = YES;
			};
			name = Distribution;
		};
		C01FCF4F08A954540054247B /* Debug */ = {
			isa = XCBuildConfiguration;
			buildSettings = {
				CLANG_ANALYZER_LOCALIZABILITY_NONLOCALIZED = YES;
				CLANG_WARN_BLOCK_CAPTURE_AUTORELEASING = YES;
				CLANG_WARN_BOOL_CONVERSION = YES;
				CLANG_WARN_COMMA = YES;
				CLANG_WARN_CONSTANT_CONVERSION = YES;
				CLANG_WARN_DEPRECATED_OBJC_IMPLEMENTATIONS = YES;
				CLANG_WARN_EMPTY_BODY = YES;
				CLANG_WARN_ENUM_CONVERSION = YES;
				CLANG_WARN_INFINITE_RECURSION = YES;
				CLANG_WARN_INT_CONVERSION = YES;
				CLANG_WARN_NON_LITERAL_NULL_CONVERSION = YES;
				CLANG_WARN_OBJC_IMPLICIT_RETAIN_SELF = YES;
				CLANG_WARN_OBJC_LITERAL_CONVERSION = YES;
				CLANG_WARN_RANGE_LOOP_ANALYSIS = YES;
				CLANG_WARN_STRICT_PROTOTYPES = YES;
				CLANG_WARN_SUSPICIOUS_MOVE = YES;
				CLANG_WARN_UNREACHABLE_CODE = YES;
				CLANG_WARN__DUPLICATE_METHOD_MATCH = YES;
				"CODE_SIGN_IDENTITY[sdk=iphoneos*]" = "iPhone Developer";
				ENABLE_STRICT_OBJC_MSGSEND = YES;
				ENABLE_TESTABILITY = YES;
				GCC_C_LANGUAGE_STANDARD = c99;
				GCC_NO_COMMON_BLOCKS = YES;
				GCC_PREPROCESSOR_DEFINITIONS = "TL_DEBUG=1";
				GCC_VERSION = com.apple.compilers.llvm.clang.1_0;
				GCC_WARN_64_TO_32_BIT_CONVERSION = YES;
				GCC_WARN_ABOUT_MISSING_FIELD_INITIALIZERS = YES;
				GCC_WARN_ABOUT_MISSING_NEWLINE = YES;
				GCC_WARN_ABOUT_RETURN_TYPE = YES;
				GCC_WARN_INITIALIZER_NOT_FULLY_BRACKETED = YES;
				GCC_WARN_SHADOW = YES;
				GCC_WARN_UNDECLARED_SELECTOR = YES;
				GCC_WARN_UNINITIALIZED_AUTOS = YES;
				GCC_WARN_UNKNOWN_PRAGMAS = YES;
				GCC_WARN_UNUSED_FUNCTION = YES;
				GCC_WARN_UNUSED_VARIABLE = YES;
				HEADER_SEARCH_PATHS = "";
				IPHONEOS_DEPLOYMENT_TARGET = 8.0;
				ONLY_ACTIVE_ARCH = YES;
				OTHER_LDFLAGS = (
					"-ObjC",
					"-all_load",
				);
				RUN_CLANG_STATIC_ANALYZER = YES;
				SDKROOT = iphoneos;
				SWIFT_VERSION = 4.0;
				USER_HEADER_SEARCH_PATHS = "";
			};
			name = Debug;
		};
		C01FCF5008A954540054247B /* Release */ = {
			isa = XCBuildConfiguration;
			buildSettings = {
				CLANG_ANALYZER_LOCALIZABILITY_NONLOCALIZED = YES;
				CLANG_WARN_BLOCK_CAPTURE_AUTORELEASING = YES;
				CLANG_WARN_BOOL_CONVERSION = YES;
				CLANG_WARN_COMMA = YES;
				CLANG_WARN_CONSTANT_CONVERSION = YES;
				CLANG_WARN_DEPRECATED_OBJC_IMPLEMENTATIONS = YES;
				CLANG_WARN_EMPTY_BODY = YES;
				CLANG_WARN_ENUM_CONVERSION = YES;
				CLANG_WARN_INFINITE_RECURSION = YES;
				CLANG_WARN_INT_CONVERSION = YES;
				CLANG_WARN_NON_LITERAL_NULL_CONVERSION = YES;
				CLANG_WARN_OBJC_IMPLICIT_RETAIN_SELF = YES;
				CLANG_WARN_OBJC_LITERAL_CONVERSION = YES;
				CLANG_WARN_RANGE_LOOP_ANALYSIS = YES;
				CLANG_WARN_STRICT_PROTOTYPES = YES;
				CLANG_WARN_SUSPICIOUS_MOVE = YES;
				CLANG_WARN_UNREACHABLE_CODE = YES;
				CLANG_WARN__DUPLICATE_METHOD_MATCH = YES;
				"CODE_SIGN_IDENTITY[sdk=iphoneos*]" = "iPhone Developer";
				ENABLE_STRICT_OBJC_MSGSEND = YES;
				GCC_C_LANGUAGE_STANDARD = c99;
				GCC_NO_COMMON_BLOCKS = YES;
				GCC_VERSION = com.apple.compilers.llvm.clang.1_0;
				GCC_WARN_64_TO_32_BIT_CONVERSION = YES;
				GCC_WARN_ABOUT_MISSING_FIELD_INITIALIZERS = YES;
				GCC_WARN_ABOUT_MISSING_NEWLINE = YES;
				GCC_WARN_ABOUT_RETURN_TYPE = YES;
				GCC_WARN_INITIALIZER_NOT_FULLY_BRACKETED = YES;
				GCC_WARN_SHADOW = YES;
				GCC_WARN_UNDECLARED_SELECTOR = YES;
				GCC_WARN_UNINITIALIZED_AUTOS = YES;
				GCC_WARN_UNKNOWN_PRAGMAS = YES;
				GCC_WARN_UNUSED_FUNCTION = YES;
				GCC_WARN_UNUSED_VARIABLE = YES;
				HEADER_SEARCH_PATHS = "";
				IPHONEOS_DEPLOYMENT_TARGET = 8.0;
				OTHER_LDFLAGS = (
					"-ObjC",
					"-all_load",
				);
				RUN_CLANG_STATIC_ANALYZER = YES;
				SDKROOT = iphoneos;
				SWIFT_COMPILATION_MODE = wholemodule;
				SWIFT_VERSION = 4.0;
				USER_HEADER_SEARCH_PATHS = "";
			};
			name = Release;
		};
/* End XCBuildConfiguration section */

/* Begin XCConfigurationList section */
		1D6058960D05DD3E006BFB54 /* Build configuration list for PBXNativeTarget "xkcd" */ = {
			isa = XCConfigurationList;
			buildConfigurations = (
				1D6058940D05DD3E006BFB54 /* Debug */,
				1D6058950D05DD3E006BFB54 /* Release */,
				039387E510508CBC001EFE4E /* Ad hoc distribution */,
				034042D31056B450004B4909 /* Distribution */,
			);
			defaultConfigurationIsVisible = 0;
			defaultConfigurationName = Release;
		};
		51A205A71BCD2E180029ABE2 /* Build configuration list for PBXNativeTarget "xkcdTests" */ = {
			isa = XCConfigurationList;
			buildConfigurations = (
				51A205A81BCD2E180029ABE2 /* Debug */,
				51A205A91BCD2E180029ABE2 /* Release */,
				51A205AA1BCD2E180029ABE2 /* Ad hoc distribution */,
				51A205AB1BCD2E180029ABE2 /* Distribution */,
			);
			defaultConfigurationIsVisible = 0;
			defaultConfigurationName = Release;
		};
		C01FCF4E08A954540054247B /* Build configuration list for PBXProject "xkcd" */ = {
			isa = XCConfigurationList;
			buildConfigurations = (
				C01FCF4F08A954540054247B /* Debug */,
				C01FCF5008A954540054247B /* Release */,
				039387E410508CBC001EFE4E /* Ad hoc distribution */,
				034042D21056B450004B4909 /* Distribution */,
			);
			defaultConfigurationIsVisible = 0;
			defaultConfigurationName = Release;
		};
/* End XCConfigurationList section */

/* Begin XCVersionGroup section */
		DA6EB770241484E100135165 /* xkcd.xcdatamodeld */ = {
			isa = XCVersionGroup;
			children = (
				DA6EB771241484E100135165 /* xkcd 2.xcdatamodel */,
				DA6EB772241484E100135165 /* xkcd.xcdatamodel */,
			);
			currentVersion = DA6EB771241484E100135165 /* xkcd 2.xcdatamodel */;
			path = xkcd.xcdatamodeld;
			sourceTree = "<group>";
			versionGroupType = wrapper.xcdatamodel;
		};
/* End XCVersionGroup section */
	};
	rootObject = 29B97313FDCFA39411CA2CEA /* Project object */;
}
